
Microsoft Visual Studio Solution File, Format Version 12.00
# Visual Studio Version 16
VisualStudioVersion = 16.0.29519.87
MinimumVisualStudioVersion = 10.0.40219.1
Project("{FAE04EC0-301F-11D3-BF4B-00C04F79EFBC}") = "uts-rest-api", "uts-rest-api\uts-rest-api.csproj", "{376E9421-B589-4B28-BC08-2AFB03A28A54}"
EndProject
Global
	GlobalSection(SolutionConfigurationPlatforms) = preSolution
		Debug|Any CPU = Debug|Any CPU
		Release|Any CPU = Release|Any CPU
	EndGlobalSection
	GlobalSection(ProjectConfigurationPlatforms) = postSolution
		{376E9421-B589-4B28-BC08-2AFB03A28A54}.Debug|Any CPU.ActiveCfg = Debug|Any CPU
		{376E9421-B589-4B28-BC08-2AFB03A28A54}.Debug|Any CPU.Build.0 = Debug|Any CPU
		{376E9421-B589-4B28-BC08-2AFB03A28A54}.Release|Any CPU.ActiveCfg = Release|Any CPU
		{376E9421-B589-4B28-BC08-2AFB03A28A54}.Release|Any CPU.Build.0 = Release|Any CPU
	EndGlobalSection
	GlobalSection(SolutionProperties) = preSolution
		HideSolutionNode = FALSE
	EndGlobalSection
	GlobalSection(ExtensibilityGlobals) = postSolution
		SolutionGuid = {580B53F5-4A2E-41A7-91FA-2524A1A7D668}
	EndGlobalSection
EndGlobal
